
Microsoft Visual Studio Solution File, Format Version 12.00
# Visual Studio 2015
Project("{FAE04EC0-301F-11D3-BF4B-00C04F79EFBC}") = "Unity Arduino.CSharp", "Unity Arduino.CSharp.csproj", "{C26A3B59-C450-F251-335B-89796860D83F}"
EndProject
Project("{FAE04EC0-301F-11D3-BF4B-00C04F79EFBC}") = "Unity Arduino.CSharp.Editor", "Unity Arduino.CSharp.Editor.csproj", "{1D9F0260-B23E-1591-ED3F-59B1F5E95115}"
EndProject
Global
	GlobalSection(SolutionConfigurationPlatforms) = preSolution
		Debug|Any CPU = Debug|Any CPU
		Release|Any CPU = Release|Any CPU
	EndGlobalSection
	GlobalSection(ProjectConfigurationPlatforms) = postSolution
		{C26A3B59-C450-F251-335B-89796860D83F}.Debug|Any CPU.ActiveCfg = Debug|Any CPU
		{C26A3B59-C450-F251-335B-89796860D83F}.Debug|Any CPU.Build.0 = Debug|Any CPU
		{C26A3B59-C450-F251-335B-89796860D83F}.Release|Any CPU.ActiveCfg = Release|Any CPU
		{C26A3B59-C450-F251-335B-89796860D83F}.Release|Any CPU.Build.0 = Release|Any CPU
		{1D9F0260-B23E-1591-ED3F-59B1F5E95115}.Debug|Any CPU.ActiveCfg = Debug|Any CPU
		{1D9F0260-B23E-1591-ED3F-59B1F5E95115}.Debug|Any CPU.Build.0 = Debug|Any CPU
		{1D9F0260-B23E-1591-ED3F-59B1F5E95115}.Release|Any CPU.ActiveCfg = Release|Any CPU
		{1D9F0260-B23E-1591-ED3F-59B1F5E95115}.Release|Any CPU.Build.0 = Release|Any CPU
	EndGlobalSection
	GlobalSection(SolutionProperties) = preSolution
		HideSolutionNode = FALSE
	EndGlobalSection
EndGlobal
